
Microsoft Visual Studio Solution File, Format Version 12.00
# Visual Studio Version 17
VisualStudioVersion = 17.7.34302.85
MinimumVisualStudioVersion = 10.0.40219.1
Project("{FAE04EC0-301F-11D3-BF4B-00C04F79EFBC}") = "Console_d'administration", "Console_d'administration\Console_d'administration.csproj", "{FC45B3A8-8946-4B42-8EEF-1F8389DCD16D}"
EndProject
Global
	GlobalSection(SolutionConfigurationPlatforms) = preSolution
		Debug|Any CPU = Debug|Any CPU
		Release|Any CPU = Release|Any CPU
	EndGlobalSection
	GlobalSection(ProjectConfigurationPlatforms) = postSolution
		{FC45B3A8-8946-4B42-8EEF-1F8389DCD16D}.Debug|Any CPU.ActiveCfg = Debug|Any CPU
		{FC45B3A8-8946-4B42-8EEF-1F8389DCD16D}.Debug|Any CPU.Build.0 = Debug|Any CPU
		{FC45B3A8-8946-4B42-8EEF-1F8389DCD16D}.Release|Any CPU.ActiveCfg = Release|Any CPU
		{FC45B3A8-8946-4B42-8EEF-1F8389DCD16D}.Release|Any CPU.Build.0 = Release|Any CPU
	EndGlobalSection
	GlobalSection(SolutionProperties) = preSolution
		HideSolutionNode = FALSE
	EndGlobalSection
	GlobalSection(ExtensibilityGlobals) = postSolution
		SolutionGuid = {BAC6480B-2460-4FDA-BC70-2011C3F3787A}
	EndGlobalSection
EndGlobal
