
Microsoft Visual Studio Solution File, Format Version 12.00
# Visual Studio Version 17
VisualStudioVersion = 17.7.34302.85
MinimumVisualStudioVersion = 10.0.40219.1
Project("{FAE04EC0-301F-11D3-BF4B-00C04F79EFBC}") = "login_form", "login_form\login_form.csproj", "{ABB21687-1264-4018-B243-45F8E488E848}"
EndProject
Global
	GlobalSection(SolutionConfigurationPlatforms) = preSolution
		Debug|Any CPU = Debug|Any CPU
		Release|Any CPU = Release|Any CPU
	EndGlobalSection
	GlobalSection(ProjectConfigurationPlatforms) = postSolution
		{ABB21687-1264-4018-B243-45F8E488E848}.Debug|Any CPU.ActiveCfg = Debug|Any CPU
		{ABB21687-1264-4018-B243-45F8E488E848}.Debug|Any CPU.Build.0 = Debug|Any CPU
		{ABB21687-1264-4018-B243-45F8E488E848}.Release|Any CPU.ActiveCfg = Release|Any CPU
		{ABB21687-1264-4018-B243-45F8E488E848}.Release|Any CPU.Build.0 = Release|Any CPU
	EndGlobalSection
	GlobalSection(SolutionProperties) = preSolution
		HideSolutionNode = FALSE
	EndGlobalSection
	GlobalSection(ExtensibilityGlobals) = postSolution
		SolutionGuid = {F76B5DD9-1B13-4A02-9199-222DD7143ACE}
	EndGlobalSection
EndGlobal
